
Microsoft Visual Studio Solution File, Format Version 12.00
# Visual Studio Version 17
VisualStudioVersion = 17.8.34330.188
MinimumVisualStudioVersion = 10.0.40219.1
Project("{FAE04EC0-301F-11D3-BF4B-00C04F79EFBC}") = "ApiGateway", "ApiGateway\ApiGateway.csproj", "{5813CC80-F4F8-46B4-958A-51596664CF9C}"
EndProject
Project("{FAE04EC0-301F-11D3-BF4B-00C04F79EFBC}") = "ProductApi", "ProductApi\ProductApi.csproj", "{949096A4-F8C2-48BC-8B3B-0F8901E3264A}"
EndProject
Project("{FAE04EC0-301F-11D3-BF4B-00C04F79EFBC}") = "CustomerApi", "CustomerApi\CustomerApi.csproj", "{9C881645-3820-4E9E-B8D2-28E2292C1639}"
EndProject
Global
	GlobalSection(SolutionConfigurationPlatforms) = preSolution
		Debug|Any CPU = Debug|Any CPU
		Release|Any CPU = Release|Any CPU
	EndGlobalSection
	GlobalSection(ProjectConfigurationPlatforms) = postSolution
		{5813CC80-F4F8-46B4-958A-51596664CF9C}.Debug|Any CPU.ActiveCfg = Debug|Any CPU
		{5813CC80-F4F8-46B4-958A-51596664CF9C}.Debug|Any CPU.Build.0 = Debug|Any CPU
		{5813CC80-F4F8-46B4-958A-51596664CF9C}.Release|Any CPU.ActiveCfg = Release|Any CPU
		{5813CC80-F4F8-46B4-958A-51596664CF9C}.Release|Any CPU.Build.0 = Release|Any CPU
		{949096A4-F8C2-48BC-8B3B-0F8901E3264A}.Debug|Any CPU.ActiveCfg = Debug|Any CPU
		{949096A4-F8C2-48BC-8B3B-0F8901E3264A}.Debug|Any CPU.Build.0 = Debug|Any CPU
		{949096A4-F8C2-48BC-8B3B-0F8901E3264A}.Release|Any CPU.ActiveCfg = Release|Any CPU
		{949096A4-F8C2-48BC-8B3B-0F8901E3264A}.Release|Any CPU.Build.0 = Release|Any CPU
		{9C881645-3820-4E9E-B8D2-28E2292C1639}.Debug|Any CPU.ActiveCfg = Debug|Any CPU
		{9C881645-3820-4E9E-B8D2-28E2292C1639}.Debug|Any CPU.Build.0 = Debug|Any CPU
		{9C881645-3820-4E9E-B8D2-28E2292C1639}.Release|Any CPU.ActiveCfg = Release|Any CPU
		{9C881645-3820-4E9E-B8D2-28E2292C1639}.Release|Any CPU.Build.0 = Release|Any CPU
	EndGlobalSection
	GlobalSection(SolutionProperties) = preSolution
		HideSolutionNode = FALSE
	EndGlobalSection
	GlobalSection(ExtensibilityGlobals) = postSolution
		SolutionGuid = {699EE3E0-BA23-453B-A2F2-00DA9391452C}
	EndGlobalSection
EndGlobal
